
Microsoft Visual Studio Solution File, Format Version 12.00
# Visual Studio Version 16
VisualStudioVersion = 16.0.29009.5
MinimumVisualStudioVersion = 10.0.40219.1
Project("{FAE04EC0-301F-11D3-BF4B-00C04F79EFBC}") = "BookStoreApp", "BookStoreApp\BookStoreApp.csproj", "{95B733A3-9CB2-4D06-92F4-12A6858A272B}"
EndProject
Global
	GlobalSection(SolutionConfigurationPlatforms) = preSolution
		Debug|Any CPU = Debug|Any CPU
		Release|Any CPU = Release|Any CPU
	EndGlobalSection
	GlobalSection(ProjectConfigurationPlatforms) = postSolution
		{95B733A3-9CB2-4D06-92F4-12A6858A272B}.Debug|Any CPU.ActiveCfg = Debug|Any CPU
		{95B733A3-9CB2-4D06-92F4-12A6858A272B}.Debug|Any CPU.Build.0 = Debug|Any CPU
		{95B733A3-9CB2-4D06-92F4-12A6858A272B}.Release|Any CPU.ActiveCfg = Release|Any CPU
		{95B733A3-9CB2-4D06-92F4-12A6858A272B}.Release|Any CPU.Build.0 = Release|Any CPU
	EndGlobalSection
	GlobalSection(SolutionProperties) = preSolution
		HideSolutionNode = FALSE
	EndGlobalSection
	GlobalSection(ExtensibilityGlobals) = postSolution
		SolutionGuid = {F0C182C7-68B8-4B6E-9CDC-F6E3A64EF0BD}
	EndGlobalSection
EndGlobal
